// !$*UTF8*$!
{
	archiveVersion = 1;
	classes = {
	};
	objectVersion = 50;
	objects = {

/* Begin PBXBuildFile section */
		9D20E773270F3D7800442432 /* AppDelegate.swift in Sources */ = {isa = PBXBuildFile; fileRef = 9D20E772270F3D7800442432 /* AppDelegate.swift */; };
		9D20E775270F3D7800442432 /* SceneDelegate.swift in Sources */ = {isa = PBXBuildFile; fileRef = 9D20E774270F3D7800442432 /* SceneDelegate.swift */; };
		9D20E777270F3D7800442432 /* ViewController.swift in Sources */ = {isa = PBXBuildFile; fileRef = 9D20E776270F3D7800442432 /* ViewController.swift */; };
		9D20E77A270F3D7800442432 /* Main.storyboard in Resources */ = {isa = PBXBuildFile; fileRef = 9D20E778270F3D7800442432 /* Main.storyboard */; };
		9D20E77C270F3D7B00442432 /* Assets.xcassets in Resources */ = {isa = PBXBuildFile; fileRef = 9D20E77B270F3D7B00442432 /* Assets.xcassets */; };
		9D20E77F270F3D7B00442432 /* LaunchScreen.storyboard in Resources */ = {isa = PBXBuildFile; fileRef = 9D20E77D270F3D7B00442432 /* LaunchScreen.storyboard */; };
		9D20E7912710E56A00442432 /* ResultTableViewCell.swift in Sources */ = {isa = PBXBuildFile; fileRef = 9D20E7902710E56A00442432 /* ResultTableViewCell.swift */; };
		9D56A27D271786E600AF1F16 /* ScanState.swift in Sources */ = {isa = PBXBuildFile; fileRef = 9D56A27C271786E600AF1F16 /* ScanState.swift */; };
		9D56A28127183E6700AF1F16 /* ParseManager.swift in Sources */ = {isa = PBXBuildFile; fileRef = 9D56A28027183E6700AF1F16 /* ParseManager.swift */; };
		9D56A284271B6B7700AF1F16 /* TableItem.swift in Sources */ = {isa = PBXBuildFile; fileRef = 9D56A283271B6B7600AF1F16 /* TableItem.swift */; };
		9D56A2892724579100AF1F16 /* Presenter.swift in Sources */ = {isa = PBXBuildFile; fileRef = 9D56A2882724578F00AF1F16 /* Presenter.swift */; };
		9DD14A55276F3EDC00B9214C /* SafeManager.swift in Sources */ = {isa = PBXBuildFile; fileRef = 9DD14A54276F3EDA00B9214C /* SafeManager.swift */; };
		9DEB0CC427562CF800D1721B /* DetailViewController.swift in Sources */ = {isa = PBXBuildFile; fileRef = 9DEB0CC327562CF800D1721B /* DetailViewController.swift */; };
/* End PBXBuildFile section */

/* Begin PBXFileReference section */
		9D20E76F270F3D7800442432 /* Scraper.app */ = {isa = PBXFileReference; explicitFileType = wrapper.application; includeInIndex = 0; path = Scraper.app; sourceTree = BUILT_PRODUCTS_DIR; };
		9D20E772270F3D7800442432 /* AppDelegate.swift */ = {isa = PBXFileReference; lastKnownFileType = sourcecode.swift; path = AppDelegate.swift; sourceTree = "<group>"; };
		9D20E774270F3D7800442432 /* SceneDelegate.swift */ = {isa = PBXFileReference; lastKnownFileType = sourcecode.swift; path = SceneDelegate.swift; sourceTree = "<group>"; };
		9D20E776270F3D7800442432 /* ViewController.swift */ = {isa = PBXFileReference; lastKnownFileType = sourcecode.swift; path = ViewController.swift; sourceTree = "<group>"; };
		9D20E779270F3D7800442432 /* Base */ = {isa = PBXFileReference; lastKnownFileType = file.storyboard; name = Base; path = Base.lproj/Main.storyboard; sourceTree = "<group>"; };
		9D20E77B270F3D7B00442432 /* Assets.xcassets */ = {isa = PBXFileReference; lastKnownFileType = folder.assetcatalog; path = Assets.xcassets; sourceTree = "<group>"; };
		9D20E77E270F3D7B00442432 /* Base */ = {isa = PBXFileReference; lastKnownFileType = file.storyboard; name = Base; path = Base.lproj/LaunchScreen.storyboard; sourceTree = "<group>"; };
		9D20E780270F3D7B00442432 /* Info.plist */ = {isa = PBXFileReference; lastKnownFileType = text.plist.xml; path = Info.plist; sourceTree = "<group>"; };
		9D20E7902710E56A00442432 /* ResultTableViewCell.swift */ = {isa = PBXFileReference; lastKnownFileType = sourcecode.swift; path = ResultTableViewCell.swift; sourceTree = "<group>"; };
		9D56A27C271786E600AF1F16 /* ScanState.swift */ = {isa = PBXFileReference; lastKnownFileType = sourcecode.swift; path = ScanState.swift; sourceTree = "<group>"; };
		9D56A28027183E6700AF1F16 /* ParseManager.swift */ = {isa = PBXFileReference; lastKnownFileType = sourcecode.swift; path = ParseManager.swift; sourceTree = "<group>"; };
		9D56A283271B6B7600AF1F16 /* TableItem.swift */ = {isa = PBXFileReference; lastKnownFileType = sourcecode.swift; path = TableItem.swift; sourceTree = "<group>"; };
		9D56A2882724578F00AF1F16 /* Presenter.swift */ = {isa = PBXFileReference; lastKnownFileType = sourcecode.swift; path = Presenter.swift; sourceTree = "<group>"; };
		9DD14A54276F3EDA00B9214C /* SafeManager.swift */ = {isa = PBXFileReference; lastKnownFileType = sourcecode.swift; path = SafeManager.swift; sourceTree = "<group>"; };
		9DEB0CC327562CF800D1721B /* DetailViewController.swift */ = {isa = PBXFileReference; lastKnownFileType = sourcecode.swift; path = DetailViewController.swift; sourceTree = "<group>"; };
/* End PBXFileReference section */

/* Begin PBXFrameworksBuildPhase section */
		9D20E76C270F3D7800442432 /* Frameworks */ = {
			isa = PBXFrameworksBuildPhase;
			buildActionMask = 2147483647;
			files = (
			);
			runOnlyForDeploymentPostprocessing = 0;
		};
/* End PBXFrameworksBuildPhase section */

/* Begin PBXGroup section */
		9D20E766270F3D7800442432 = {
			isa = PBXGroup;
			children = (
				9D20E771270F3D7800442432 /* Scraper */,
				9D20E770270F3D7800442432 /* Products */,
			);
			sourceTree = "<group>";
		};
		9D20E770270F3D7800442432 /* Products */ = {
			isa = PBXGroup;
			children = (
				9D20E76F270F3D7800442432 /* Scraper.app */,
			);
			name = Products;
			sourceTree = "<group>";
		};
		9D20E771270F3D7800442432 /* Scraper */ = {
			isa = PBXGroup;
			children = (
				9D56A27B271786CB00AF1F16 /* Model */,
				9DEB0CC127562C8100D1721B /* View */,
				9DEB0CBF27562C0B00D1721B /* Controller */,
				9D56A2882724578F00AF1F16 /* Presenter.swift */,
				9DD14A54276F3EDA00B9214C /* SafeManager.swift */,
				9D56A28027183E6700AF1F16 /* ParseManager.swift */,
				9D20E772270F3D7800442432 /* AppDelegate.swift */,
				9D20E774270F3D7800442432 /* SceneDelegate.swift */,
				9D20E778270F3D7800442432 /* Main.storyboard */,
				9D20E77B270F3D7B00442432 /* Assets.xcassets */,
				9D20E77D270F3D7B00442432 /* LaunchScreen.storyboard */,
				9D20E780270F3D7B00442432 /* Info.plist */,
			);
			path = Scraper;
			sourceTree = "<group>";
		};
		9D56A27B271786CB00AF1F16 /* Model */ = {
			isa = PBXGroup;
			children = (
				9D56A27C271786E600AF1F16 /* ScanState.swift */,
				9D56A283271B6B7600AF1F16 /* TableItem.swift */,
			);
			path = Model;
			sourceTree = "<group>";
		};
		9DEB0CBF27562C0B00D1721B /* Controller */ = {
			isa = PBXGroup;
			children = (
				9D20E776270F3D7800442432 /* ViewController.swift */,
				9DEB0CC327562CF800D1721B /* DetailViewController.swift */,
			);
			path = Controller;
			sourceTree = "<group>";
		};
		9DEB0CC127562C8100D1721B /* View */ = {
			isa = PBXGroup;
			children = (
				9D20E7902710E56A00442432 /* ResultTableViewCell.swift */,
			);
			path = View;
			sourceTree = "<group>";
		};
/* End PBXGroup section */

/* Begin PBXNativeTarget section */
		9D20E76E270F3D7800442432 /* Scraper */ = {
			isa = PBXNativeTarget;
			buildConfigurationList = 9D20E783270F3D7B00442432 /* Build configuration list for PBXNativeTarget "Scraper" */;
			buildPhases = (
				9D20E76B270F3D7800442432 /* Sources */,
				9D20E76C270F3D7800442432 /* Frameworks */,
				9D20E76D270F3D7800442432 /* Resources */,
				9D68E876274FAFEC006EE313 /* ShellScript */,
			);
			buildRules = (
			);
			dependencies = (
			);
			name = Scraper;
			productName = Scraper;
			productReference = 9D20E76F270F3D7800442432 /* Scraper.app */;
			productType = "com.apple.product-type.application";
		};
/* End PBXNativeTarget section */

/* Begin PBXProject section */
		9D20E767270F3D7800442432 /* Project object */ = {
			isa = PBXProject;
			attributes = {
				LastSwiftUpdateCheck = 1210;
				LastUpgradeCheck = 1210;
				TargetAttributes = {
					9D20E76E270F3D7800442432 = {
						CreatedOnToolsVersion = 12.1;
					};
				};
			};
			buildConfigurationList = 9D20E76A270F3D7800442432 /* Build configuration list for PBXProject "Scraper" */;
			compatibilityVersion = "Xcode 9.3";
			developmentRegion = en;
			hasScannedForEncodings = 0;
			knownRegions = (
				en,
				Base,
			);
			mainGroup = 9D20E766270F3D7800442432;
			productRefGroup = 9D20E770270F3D7800442432 /* Products */;
			projectDirPath = "";
			projectRoot = "";
			targets = (
				9D20E76E270F3D7800442432 /* Scraper */,
			);
		};
/* End PBXProject section */

/* Begin PBXResourcesBuildPhase section */
		9D20E76D270F3D7800442432 /* Resources */ = {
			isa = PBXResourcesBuildPhase;
			buildActionMask = 2147483647;
			files = (
				9D20E77F270F3D7B00442432 /* LaunchScreen.storyboard in Resources */,
				9D20E77C270F3D7B00442432 /* Assets.xcassets in Resources */,
				9D20E77A270F3D7800442432 /* Main.storyboard in Resources */,
			);
			runOnlyForDeploymentPostprocessing = 0;
		};
/* End PBXResourcesBuildPhase section */

/* Begin PBXShellScriptBuildPhase section */
		9D68E876274FAFEC006EE313 /* ShellScript */ = {
			isa = PBXShellScriptBuildPhase;
			buildActionMask = 2147483647;
			files = (
			);
			inputFileListPaths = (
			);
			inputPaths = (
			);
			outputFileListPaths = (
			);
			outputPaths = (
			);
			runOnlyForDeploymentPostprocessing = 0;
			shellPath = /bin/sh;
			shellScript = "if which swiftlint >/dev/null; then\n  swiftlint\nelse\n  echo \"warning: SwiftLint not installed, download from https://github.com/realm/SwiftLint\"\nfi\n";
		};
/* End PBXShellScriptBuildPhase section */

/* Begin PBXSourcesBuildPhase section */
		9D20E76B270F3D7800442432 /* Sources */ = {
			isa = PBXSourcesBuildPhase;
			buildActionMask = 2147483647;
			files = (
				9DEB0CC427562CF800D1721B /* DetailViewController.swift in Sources */,
				9D20E777270F3D7800442432 /* ViewController.swift in Sources */,
				9D56A28127183E6700AF1F16 /* ParseManager.swift in Sources */,
				9D56A2892724579100AF1F16 /* Presenter.swift in Sources */,
				9DD14A55276F3EDC00B9214C /* SafeManager.swift in Sources */,
				9D20E773270F3D7800442432 /* AppDelegate.swift in Sources */,
				9D56A284271B6B7700AF1F16 /* TableItem.swift in Sources */,
				9D56A27D271786E600AF1F16 /* ScanState.swift in Sources */,
				9D20E7912710E56A00442432 /* ResultTableViewCell.swift in Sources */,
				9D20E775270F3D7800442432 /* SceneDelegate.swift in Sources */,
			);
			runOnlyForDeploymentPostprocessing = 0;
		};
/* End PBXSourcesBuildPhase section */

/* Begin PBXVariantGroup section */
		9D20E778270F3D7800442432 /* Main.storyboard */ = {
			isa = PBXVariantGroup;
			children = (
				9D20E779270F3D7800442432 /* Base */,
			);
			name = Main.storyboard;
			sourceTree = "<group>";
		};
		9D20E77D270F3D7B00442432 /* LaunchScreen.storyboard */ = {
			isa = PBXVariantGroup;
			children = (
				9D20E77E270F3D7B00442432 /* Base */,
			);
			name = LaunchScreen.storyboard;
			sourceTree = "<group>";
		};
/* End PBXVariantGroup section */

/* Begin XCBuildConfiguration section */
		9D20E781270F3D7B00442432 /* Debug */ = {
			isa = XCBuildConfiguration;
			buildSettings = {
				ALWAYS_SEARCH_USER_PATHS = NO;
				CLANG_ANALYZER_NONNULL = YES;
				CLANG_ANALYZER_NUMBER_OBJECT_CONVERSION = YES_AGGRESSIVE;
				CLANG_CXX_LANGUAGE_STANDARD = "gnu++14";
				CLANG_CXX_LIBRARY = "libc++";
				CLANG_ENABLE_MODULES = YES;
				CLANG_ENABLE_OBJC_ARC = YES;
				CLANG_ENABLE_OBJC_WEAK = YES;
				CLANG_WARN_BLOCK_CAPTURE_AUTORELEASING = YES;
				CLANG_WARN_BOOL_CONVERSION = YES;
				CLANG_WARN_COMMA = YES;
				CLANG_WARN_CONSTANT_CONVERSION = YES;
				CLANG_WARN_DEPRECATED_OBJC_IMPLEMENTATIONS = YES;
				CLANG_WARN_DIRECT_OBJC_ISA_USAGE = YES_ERROR;
				CLANG_WARN_DOCUMENTATION_COMMENTS = YES;
				CLANG_WARN_EMPTY_BODY = YES;
				CLANG_WARN_ENUM_CONVERSION = YES;
				CLANG_WARN_INFINITE_RECURSION = YES;
				CLANG_WARN_INT_CONVERSION = YES;
				CLANG_WARN_NON_LITERAL_NULL_CONVERSION = YES;
				CLANG_WARN_OBJC_IMPLICIT_RETAIN_SELF = YES;
				CLANG_WARN_OBJC_LITERAL_CONVERSION = YES;
				CLANG_WARN_OBJC_ROOT_CLASS = YES_ERROR;
				CLANG_WARN_QUOTED_INCLUDE_IN_FRAMEWORK_HEADER = YES;
				CLANG_WARN_RANGE_LOOP_ANALYSIS = YES;
				CLANG_WARN_STRICT_PROTOTYPES = YES;
				CLANG_WARN_SUSPICIOUS_MOVE = YES;
				CLANG_WARN_UNGUARDED_AVAILABILITY = YES_AGGRESSIVE;
				CLANG_WARN_UNREACHABLE_CODE = YES;
				CLANG_WARN__DUPLICATE_METHOD_MATCH = YES;
				COPY_PHASE_STRIP = NO;
				DEBUG_INFORMATION_FORMAT = dwarf;
				ENABLE_STRICT_OBJC_MSGSEND = YES;
				ENABLE_TESTABILITY = YES;
				GCC_C_LANGUAGE_STANDARD = gnu11;
				GCC_DYNAMIC_NO_PIC = NO;
				GCC_NO_COMMON_BLOCKS = YES;
				GCC_OPTIMIZATION_LEVEL = 0;
				GCC_PREPROCESSOR_DEFINITIONS = (
					"DEBUG=1",
					"$(inherited)",
				);
				GCC_WARN_64_TO_32_BIT_CONVERSION = YES;
				GCC_WARN_ABOUT_RETURN_TYPE = YES_ERROR;
				GCC_WARN_UNDECLARED_SELECTOR = YES;
				GCC_WARN_UNINITIALIZED_AUTOS = YES_AGGRESSIVE;
				GCC_WARN_UNUSED_FUNCTION = YES;
				GCC_WARN_UNUSED_VARIABLE = YES;
				IPHONEOS_DEPLOYMENT_TARGET = 14.1;
				MTL_ENABLE_DEBUG_INFO = INCLUDE_SOURCE;
				MTL_FAST_MATH = YES;
				ONLY_ACTIVE_ARCH = YES;
				SDKROOT = iphoneos;
				SWIFT_ACTIVE_COMPILATION_CONDITIONS = DEBUG;
				SWIFT_OPTIMIZATION_LEVEL = "-Onone";
			};
			name = Debug;
		};
		9D20E782270F3D7B00442432 /* Release */ = {
			isa = XCBuildConfiguration;
			buildSettings = {
				ALWAYS_SEARCH_USER_PATHS = NO;
				CLANG_ANALYZER_NONNULL = YES;
				CLANG_ANALYZER_NUMBER_OBJECT_CONVERSION = YES_AGGRESSIVE;
				CLANG_CXX_LANGUAGE_STANDARD = "gnu++14";
				CLANG_CXX_LIBRARY = "libc++";
				CLANG_ENABLE_MODULES = YES;
				CLANG_ENABLE_OBJC_ARC = YES;
				CLANG_ENABLE_OBJC_WEAK = YES;
				CLANG_WARN_BLOCK_CAPTURE_AUTORELEASING = YES;
				CLANG_WARN_BOOL_CONVERSION = YES;
				CLANG_WARN_COMMA = YES;
				CLANG_WARN_CONSTANT_CONVERSION = YES;
				CLANG_WARN_DEPRECATED_OBJC_IMPLEMENTATIONS = YES;
				CLANG_WARN_DIRECT_OBJC_ISA_USAGE = YES_ERROR;
				CLANG_WARN_DOCUMENTATION_COMMENTS = YES;
				CLANG_WARN_EMPTY_BODY = YES;
				CLANG_WARN_ENUM_CONVERSION = YES;
				CLANG_WARN_INFINITE_RECURSION = YES;
				CLANG_WARN_INT_CONVERSION = YES;
				CLANG_WARN_NON_LITERAL_NULL_CONVERSION = YES;
				CLANG_WARN_OBJC_IMPLICIT_RETAIN_SELF = YES;
				CLANG_WARN_OBJC_LITERAL_CONVERSION = YES;
				CLANG_WARN_OBJC_ROOT_CLASS = YES_ERROR;
				CLANG_WARN_QUOTED_INCLUDE_IN_FRAMEWORK_HEADER = YES;
				CLANG_WARN_RANGE_LOOP_ANALYSIS = YES;
				CLANG_WARN_STRICT_PROTOTYPES = YES;
				CLANG_WARN_SUSPICIOUS_MOVE = YES;
				CLANG_WARN_UNGUARDED_AVAILABILITY = YES_AGGRESSIVE;
				CLANG_WARN_UNREACHABLE_CODE = YES;
				CLANG_WARN__DUPLICATE_METHOD_MATCH = YES;
				COPY_PHASE_STRIP = NO;
				DEBUG_INFORMATION_FORMAT = "dwarf-with-dsym";
				ENABLE_NS_ASSERTIONS = NO;
				ENABLE_STRICT_OBJC_MSGSEND = YES;
				GCC_C_LANGUAGE_STANDARD = gnu11;
				GCC_NO_COMMON_BLOCKS = YES;
				GCC_WARN_64_TO_32_BIT_CONVERSION = YES;
				GCC_WARN_ABOUT_RETURN_TYPE = YES_ERROR;
				GCC_WARN_UNDECLARED_SELECTOR = YES;
				GCC_WARN_UNINITIALIZED_AUTOS = YES_AGGRESSIVE;
				GCC_WARN_UNUSED_FUNCTION = YES;
				GCC_WARN_UNUSED_VARIABLE = YES;
				IPHONEOS_DEPLOYMENT_TARGET = 14.1;
				MTL_ENABLE_DEBUG_INFO = NO;
				MTL_FAST_MATH = YES;
				SDKROOT = iphoneos;
				SWIFT_COMPILATION_MODE = wholemodule;
				SWIFT_OPTIMIZATION_LEVEL = "-O";
				VALIDATE_PRODUCT = YES;
			};
			name = Release;
		};
		9D20E784270F3D7B00442432 /* Debug */ = {
			isa = XCBuildConfiguration;
			buildSettings = {
				ASSETCATALOG_COMPILER_APPICON_NAME = AppIcon;
				ASSETCATALOG_COMPILER_GLOBAL_ACCENT_COLOR_NAME = AccentColor;
				CODE_SIGN_STYLE = Automatic;
				DEVELOPMENT_TEAM = RFA2FTD922;
				INFOPLIST_FILE = Scraper/Info.plist;
				LD_RUNPATH_SEARCH_PATHS = (
					"$(inherited)",
					"@executable_path/Frameworks",
				);
				PRODUCT_BUNDLE_IDENTIFIER = com.lyubakek.Scraper;
				PRODUCT_NAME = "$(TARGET_NAME)";
				SWIFT_VERSION = 5.0;
				TARGETED_DEVICE_FAMILY = "1,2";
			};
			name = Debug;
		};
		9D20E785270F3D7B00442432 /* Release */ = {
			isa = XCBuildConfiguration;
			buildSettings = {
				ASSETCATALOG_COMPILER_APPICON_NAME = AppIcon;
				ASSETCATALOG_COMPILER_GLOBAL_ACCENT_COLOR_NAME = AccentColor;
				CODE_SIGN_STYLE = Automatic;
				DEVELOPMENT_TEAM = RFA2FTD922;
				INFOPLIST_FILE = Scraper/Info.plist;
				LD_RUNPATH_SEARCH_PATHS = (
					"$(inherited)",
					"@executable_path/Frameworks",
				);
				PRODUCT_BUNDLE_IDENTIFIER = com.lyubakek.Scraper;
				PRODUCT_NAME = "$(TARGET_NAME)";
				SWIFT_VERSION = 5.0;
				TARGETED_DEVICE_FAMILY = "1,2";
			};
			name = Release;
		};
/* End XCBuildConfiguration section */

/* Begin XCConfigurationList section */
		9D20E76A270F3D7800442432 /* Build configuration list for PBXProject "Scraper" */ = {
			isa = XCConfigurationList;
			buildConfigurations = (
				9D20E781270F3D7B00442432 /* Debug */,
				9D20E782270F3D7B00442432 /* Release */,
			);
			defaultConfigurationIsVisible = 0;
			defaultConfigurationName = Release;
		};
		9D20E783270F3D7B00442432 /* Build configuration list for PBXNativeTarget "Scraper" */ = {
			isa = XCConfigurationList;
			buildConfigurations = (
				9D20E784270F3D7B00442432 /* Debug */,
				9D20E785270F3D7B00442432 /* Release */,
			);
			defaultConfigurationIsVisible = 0;
			defaultConfigurationName = Release;
		};
/* End XCConfigurationList section */
	};
	rootObject = 9D20E767270F3D7800442432 /* Project object */;
}
